
Microsoft Visual Studio Solution File, Format Version 12.00
# Visual Studio Version 16
VisualStudioVersion = 16.0.30128.36
MinimumVisualStudioVersion = 10.0.40219.1
Project("{9A19103F-16F7-4668-BE54-9A1E7A4F7556}") = "CalculationEngine.Api", "CalculationEngine.Api\CalculationEngine.Api.csproj", "{DE50E209-8A8A-4AD3-995D-D3FD9854AE44}"
EndProject
Project("{9A19103F-16F7-4668-BE54-9A1E7A4F7556}") = "CalculationEngine.Core", "CalculationEngine.Core\CalculationEngine.Core.csproj", "{CA9D259C-9201-4DB9-B6CC-74071450FA6D}"
EndProject
Project("{9A19103F-16F7-4668-BE54-9A1E7A4F7556}") = "CalculationEngine.Logic", "CalculationEngine.Logic\CalculationEngine.Logic.csproj", "{8294FC0E-C5CD-4615-B0A6-1F13189A786A}"
EndProject
Project("{9A19103F-16F7-4668-BE54-9A1E7A4F7556}") = "CalculationEngine.DAL", "CalculationEngine.DAL\CalculationEngine.DAL.csproj", "{8FE95137-82A4-41CD-A1DA-4B5D98E2DC15}"
EndProject
Project("{FAE04EC0-301F-11D3-BF4B-00C04F79EFBC}") = "CalculationEngine.Logic.UnitTests", "CalculationEngine.Logic.UnitTests\CalculationEngine.Logic.UnitTests.csproj", "{FAA6BFB6-5DA4-4AB1-9729-95C3628F344B}"
EndProject
Global
	GlobalSection(SolutionConfigurationPlatforms) = preSolution
		Debug|Any CPU = Debug|Any CPU
		Release|Any CPU = Release|Any CPU
	EndGlobalSection
	GlobalSection(ProjectConfigurationPlatforms) = postSolution
		{DE50E209-8A8A-4AD3-995D-D3FD9854AE44}.Debug|Any CPU.ActiveCfg = Debug|Any CPU
		{DE50E209-8A8A-4AD3-995D-D3FD9854AE44}.Debug|Any CPU.Build.0 = Debug|Any CPU
		{DE50E209-8A8A-4AD3-995D-D3FD9854AE44}.Release|Any CPU.ActiveCfg = Release|Any CPU
		{DE50E209-8A8A-4AD3-995D-D3FD9854AE44}.Release|Any CPU.Build.0 = Release|Any CPU
		{CA9D259C-9201-4DB9-B6CC-74071450FA6D}.Debug|Any CPU.ActiveCfg = Debug|Any CPU
		{CA9D259C-9201-4DB9-B6CC-74071450FA6D}.Debug|Any CPU.Build.0 = Debug|Any CPU
		{CA9D259C-9201-4DB9-B6CC-74071450FA6D}.Release|Any CPU.ActiveCfg = Release|Any CPU
		{CA9D259C-9201-4DB9-B6CC-74071450FA6D}.Release|Any CPU.Build.0 = Release|Any CPU
		{8294FC0E-C5CD-4615-B0A6-1F13189A786A}.Debug|Any CPU.ActiveCfg = Debug|Any CPU
		{8294FC0E-C5CD-4615-B0A6-1F13189A786A}.Debug|Any CPU.Build.0 = Debug|Any CPU
		{8294FC0E-C5CD-4615-B0A6-1F13189A786A}.Release|Any CPU.ActiveCfg = Release|Any CPU
		{8294FC0E-C5CD-4615-B0A6-1F13189A786A}.Release|Any CPU.Build.0 = Release|Any CPU
		{8FE95137-82A4-41CD-A1DA-4B5D98E2DC15}.Debug|Any CPU.ActiveCfg = Debug|Any CPU
		{8FE95137-82A4-41CD-A1DA-4B5D98E2DC15}.Debug|Any CPU.Build.0 = Debug|Any CPU
		{8FE95137-82A4-41CD-A1DA-4B5D98E2DC15}.Release|Any CPU.ActiveCfg = Release|Any CPU
		{8FE95137-82A4-41CD-A1DA-4B5D98E2DC15}.Release|Any CPU.Build.0 = Release|Any CPU
		{FAA6BFB6-5DA4-4AB1-9729-95C3628F344B}.Debug|Any CPU.ActiveCfg = Debug|Any CPU
		{FAA6BFB6-5DA4-4AB1-9729-95C3628F344B}.Debug|Any CPU.Build.0 = Debug|Any CPU
		{FAA6BFB6-5DA4-4AB1-9729-95C3628F344B}.Release|Any CPU.ActiveCfg = Release|Any CPU
		{FAA6BFB6-5DA4-4AB1-9729-95C3628F344B}.Release|Any CPU.Build.0 = Release|Any CPU
	EndGlobalSection
	GlobalSection(SolutionProperties) = preSolution
		HideSolutionNode = FALSE
	EndGlobalSection
	GlobalSection(ExtensibilityGlobals) = postSolution
		SolutionGuid = {54072389-9CC2-431B-8522-34E44C5A4A91}
	EndGlobalSection
EndGlobal
